
Microsoft Visual Studio Solution File, Format Version 12.00
# Visual Studio 15
VisualStudioVersion = 15.0.28010.0
MinimumVisualStudioVersion = 10.0.40219.1
Project("{FAE04EC0-301F-11D3-BF4B-00C04F79EFBC}") = "SudokuSolver", "SudokuSolver\SudokuSolver.csproj", "{D36CE1E7-D7EC-458F-8D3E-B17A21DF80FE}"
EndProject
Global
	GlobalSection(SolutionConfigurationPlatforms) = preSolution
		Debug|Any CPU = Debug|Any CPU
		Release|Any CPU = Release|Any CPU
	EndGlobalSection
	GlobalSection(ProjectConfigurationPlatforms) = postSolution
		{D36CE1E7-D7EC-458F-8D3E-B17A21DF80FE}.Debug|Any CPU.ActiveCfg = Debug|Any CPU
		{D36CE1E7-D7EC-458F-8D3E-B17A21DF80FE}.Debug|Any CPU.Build.0 = Debug|Any CPU
		{D36CE1E7-D7EC-458F-8D3E-B17A21DF80FE}.Release|Any CPU.ActiveCfg = Release|Any CPU
		{D36CE1E7-D7EC-458F-8D3E-B17A21DF80FE}.Release|Any CPU.Build.0 = Release|Any CPU
	EndGlobalSection
	GlobalSection(SolutionProperties) = preSolution
		HideSolutionNode = FALSE
	EndGlobalSection
	GlobalSection(ExtensibilityGlobals) = postSolution
		SolutionGuid = {B8182798-DFCA-4B43-8832-47AA7F82BE8E}
	EndGlobalSection
EndGlobal
